Microsoft Visual Studio Solution File, Format Version 12.00
# Visual Studio Version 17
VisualStudioVersion = 17.5.2.0
MinimumVisualStudioVersion = 10.0.40219.1
Project("{FAE04EC0-301F-11D3-BF4B-00C04F79EFBC}") = "capital-profit-challenge-cli", "capital-profit-challenge-cli\capital-profit-challenge-cli.csproj", "{89763BD2-42EF-E7EB-C77E-28CE046667D6}"
EndProject
Project("{FAE04EC0-301F-11D3-BF4B-00C04F79EFBC}") = "capital-profit-challenge-cli-tests", "capital-profit-challenge-cli-tests\capital-profit-challenge-cli-tests.csproj", "{BBFA5AE9-D67E-4629-890C-B73EF52E72CD}"
EndProject
Global
	GlobalSection(SolutionConfigurationPlatforms) = preSolution
		Debug|Any CPU = Debug|Any CPU
		Release|Any CPU = Release|Any CPU
	EndGlobalSection
	GlobalSection(ProjectConfigurationPlatforms) = postSolution
		{89763BD2-42EF-E7EB-C77E-28CE046667D6}.Debug|Any CPU.ActiveCfg = Debug|Any CPU
		{89763BD2-42EF-E7EB-C77E-28CE046667D6}.Debug|Any CPU.Build.0 = Debug|Any CPU
		{89763BD2-42EF-E7EB-C77E-28CE046667D6}.Release|Any CPU.ActiveCfg = Release|Any CPU
		{89763BD2-42EF-E7EB-C77E-28CE046667D6}.Release|Any CPU.Build.0 = Release|Any CPU
		{BBFA5AE9-D67E-4629-890C-B73EF52E72CD}.Debug|Any CPU.ActiveCfg = Debug|Any CPU
		{BBFA5AE9-D67E-4629-890C-B73EF52E72CD}.Debug|Any CPU.Build.0 = Debug|Any CPU
		{BBFA5AE9-D67E-4629-890C-B73EF52E72CD}.Release|Any CPU.ActiveCfg = Release|Any CPU
		{BBFA5AE9-D67E-4629-890C-B73EF52E72CD}.Release|Any CPU.Build.0 = Release|Any CPU
	EndGlobalSection
	GlobalSection(SolutionProperties) = preSolution
		HideSolutionNode = FALSE
	EndGlobalSection
	GlobalSection(ExtensibilityGlobals) = postSolution
		SolutionGuid = {663C9FA8-C250-4EB1-B9D4-CC74A3E3713B}
	EndGlobalSection
EndGlobal
